
Microsoft Visual Studio Solution File, Format Version 12.00
# Visual Studio Version 16
VisualStudioVersion = 16.0.30804.86
MinimumVisualStudioVersion = 10.0.40219.1
Project("{FAE04EC0-301F-11D3-BF4B-00C04F79EFBC}") = "ExceptionHandling", "ExceptionHandling\ExceptionHandling.csproj", "{541D609E-4280-4E14-AFA0-FB113E020FF8}"
EndProject
Global
	GlobalSection(SolutionConfigurationPlatforms) = preSolution
		Debug|Any CPU = Debug|Any CPU
		Release|Any CPU = Release|Any CPU
	EndGlobalSection
	GlobalSection(ProjectConfigurationPlatforms) = postSolution
		{541D609E-4280-4E14-AFA0-FB113E020FF8}.Debug|Any CPU.ActiveCfg = Debug|Any CPU
		{541D609E-4280-4E14-AFA0-FB113E020FF8}.Debug|Any CPU.Build.0 = Debug|Any CPU
		{541D609E-4280-4E14-AFA0-FB113E020FF8}.Release|Any CPU.ActiveCfg = Release|Any CPU
		{541D609E-4280-4E14-AFA0-FB113E020FF8}.Release|Any CPU.Build.0 = Release|Any CPU
	EndGlobalSection
	GlobalSection(SolutionProperties) = preSolution
		HideSolutionNode = FALSE
	EndGlobalSection
	GlobalSection(ExtensibilityGlobals) = postSolution
		SolutionGuid = {AE4387D2-54DA-431C-A557-C1E5856A8FA9}
	EndGlobalSection
EndGlobal
